
Microsoft Visual Studio Solution File, Format Version 12.00
# Visual Studio Version 17
VisualStudioVersion = 17.7.34024.191
MinimumVisualStudioVersion = 10.0.40219.1
Project("{FAE04EC0-301F-11D3-BF4B-00C04F79EFBC}") = "Laboratory 11,12", "Laboratory 11,12\Laboratory 11,12.csproj", "{9249627E-D68A-4264-9861-057E553061F0}"
EndProject
Project("{FAE04EC0-301F-11D3-BF4B-00C04F79EFBC}") = "Bank", "Bank\Bank.csproj", "{FC1AB35E-7B33-4FFE-9A49-9A67E063CF9F}"
EndProject
Project("{FAE04EC0-301F-11D3-BF4B-00C04F79EFBC}") = "Zadanie 1,2", "Zadanie 1,2\Zadanie 1,2.csproj", "{BEB70374-6366-4A9A-B58E-73FA70A820BB}"
EndProject
Project("{2150E333-8FDC-42A3-9474-1A3956D46DE8}") = "Элементы решения", "Элементы решения", "{A01C4739-5E34-47DD-9361-5AD84819A7E4}"
	ProjectSection(SolutionItems) = preProject
		D:\events.txt = D:\events.txt
	EndProjectSection
EndProject
Project("{FAE04EC0-301F-11D3-BF4B-00C04F79EFBC}") = "Building", "Building\Building.csproj", "{F570AC64-A7A2-4496-833E-A560368BFF87}"
EndProject
Global
	GlobalSection(SolutionConfigurationPlatforms) = preSolution
		Debug|Any CPU = Debug|Any CPU
		Debug|x64 = Debug|x64
		Debug|x86 = Debug|x86
		Release|Any CPU = Release|Any CPU
		Release|x64 = Release|x64
		Release|x86 = Release|x86
	EndGlobalSection
	GlobalSection(ProjectConfigurationPlatforms) = postSolution
		{9249627E-D68A-4264-9861-057E553061F0}.Debug|Any CPU.ActiveCfg = Debug|Any CPU
		{9249627E-D68A-4264-9861-057E553061F0}.Debug|Any CPU.Build.0 = Debug|Any CPU
		{9249627E-D68A-4264-9861-057E553061F0}.Debug|x64.ActiveCfg = Debug|Any CPU
		{9249627E-D68A-4264-9861-057E553061F0}.Debug|x64.Build.0 = Debug|Any CPU
		{9249627E-D68A-4264-9861-057E553061F0}.Debug|x86.ActiveCfg = Debug|Any CPU
		{9249627E-D68A-4264-9861-057E553061F0}.Debug|x86.Build.0 = Debug|Any CPU
		{9249627E-D68A-4264-9861-057E553061F0}.Release|Any CPU.ActiveCfg = Release|Any CPU
		{9249627E-D68A-4264-9861-057E553061F0}.Release|Any CPU.Build.0 = Release|Any CPU
		{9249627E-D68A-4264-9861-057E553061F0}.Release|x64.ActiveCfg = Release|Any CPU
		{9249627E-D68A-4264-9861-057E553061F0}.Release|x64.Build.0 = Release|Any CPU
		{9249627E-D68A-4264-9861-057E553061F0}.Release|x86.ActiveCfg = Release|Any CPU
		{9249627E-D68A-4264-9861-057E553061F0}.Release|x86.Build.0 = Release|Any CPU
		{FC1AB35E-7B33-4FFE-9A49-9A67E063CF9F}.Debug|Any CPU.ActiveCfg = Debug|Any CPU
		{FC1AB35E-7B33-4FFE-9A49-9A67E063CF9F}.Debug|Any CPU.Build.0 = Debug|Any CPU
		{FC1AB35E-7B33-4FFE-9A49-9A67E063CF9F}.Debug|x64.ActiveCfg = Debug|Any CPU
		{FC1AB35E-7B33-4FFE-9A49-9A67E063CF9F}.Debug|x64.Build.0 = Debug|Any CPU
		{FC1AB35E-7B33-4FFE-9A49-9A67E063CF9F}.Debug|x86.ActiveCfg = Debug|Any CPU
		{FC1AB35E-7B33-4FFE-9A49-9A67E063CF9F}.Debug|x86.Build.0 = Debug|Any CPU
		{FC1AB35E-7B33-4FFE-9A49-9A67E063CF9F}.Release|Any CPU.ActiveCfg = Release|Any CPU
		{FC1AB35E-7B33-4FFE-9A49-9A67E063CF9F}.Release|Any CPU.Build.0 = Release|Any CPU
		{FC1AB35E-7B33-4FFE-9A49-9A67E063CF9F}.Release|x64.ActiveCfg = Release|Any CPU
		{FC1AB35E-7B33-4FFE-9A49-9A67E063CF9F}.Release|x64.Build.0 = Release|Any CPU
		{FC1AB35E-7B33-4FFE-9A49-9A67E063CF9F}.Release|x86.ActiveCfg = Release|Any CPU
		{FC1AB35E-7B33-4FFE-9A49-9A67E063CF9F}.Release|x86.Build.0 = Release|Any CPU
		{BEB70374-6366-4A9A-B58E-73FA70A820BB}.Debug|Any CPU.ActiveCfg = Debug|Any CPU
		{BEB70374-6366-4A9A-B58E-73FA70A820BB}.Debug|Any CPU.Build.0 = Debug|Any CPU
		{BEB70374-6366-4A9A-B58E-73FA70A820BB}.Debug|x64.ActiveCfg = Debug|Any CPU
		{BEB70374-6366-4A9A-B58E-73FA70A820BB}.Debug|x64.Build.0 = Debug|Any CPU
		{BEB70374-6366-4A9A-B58E-73FA70A820BB}.Debug|x86.ActiveCfg = Debug|Any CPU
		{BEB70374-6366-4A9A-B58E-73FA70A820BB}.Debug|x86.Build.0 = Debug|Any CPU
		{BEB70374-6366-4A9A-B58E-73FA70A820BB}.Release|Any CPU.ActiveCfg = Release|Any CPU
		{BEB70374-6366-4A9A-B58E-73FA70A820BB}.Release|Any CPU.Build.0 = Release|Any CPU
		{BEB70374-6366-4A9A-B58E-73FA70A820BB}.Release|x64.ActiveCfg = Release|Any CPU
		{BEB70374-6366-4A9A-B58E-73FA70A820BB}.Release|x64.Build.0 = Release|Any CPU
		{BEB70374-6366-4A9A-B58E-73FA70A820BB}.Release|x86.ActiveCfg = Release|Any CPU
		{BEB70374-6366-4A9A-B58E-73FA70A820BB}.Release|x86.Build.0 = Release|Any CPU
		{F570AC64-A7A2-4496-833E-A560368BFF87}.Debug|Any CPU.ActiveCfg = Debug|Any CPU
		{F570AC64-A7A2-4496-833E-A560368BFF87}.Debug|Any CPU.Build.0 = Debug|Any CPU
		{F570AC64-A7A2-4496-833E-A560368BFF87}.Debug|x64.ActiveCfg = Debug|Any CPU
		{F570AC64-A7A2-4496-833E-A560368BFF87}.Debug|x64.Build.0 = Debug|Any CPU
		{F570AC64-A7A2-4496-833E-A560368BFF87}.Debug|x86.ActiveCfg = Debug|Any CPU
		{F570AC64-A7A2-4496-833E-A560368BFF87}.Debug|x86.Build.0 = Debug|Any CPU
		{F570AC64-A7A2-4496-833E-A560368BFF87}.Release|Any CPU.ActiveCfg = Release|Any CPU
		{F570AC64-A7A2-4496-833E-A560368BFF87}.Release|Any CPU.Build.0 = Release|Any CPU
		{F570AC64-A7A2-4496-833E-A560368BFF87}.Release|x64.ActiveCfg = Release|Any CPU
		{F570AC64-A7A2-4496-833E-A560368BFF87}.Release|x64.Build.0 = Release|Any CPU
		{F570AC64-A7A2-4496-833E-A560368BFF87}.Release|x86.ActiveCfg = Release|Any CPU
		{F570AC64-A7A2-4496-833E-A560368BFF87}.Release|x86.Build.0 = Release|Any CPU
	EndGlobalSection
	GlobalSection(SolutionProperties) = preSolution
		HideSolutionNode = FALSE
	EndGlobalSection
	GlobalSection(ExtensibilityGlobals) = postSolution
		SolutionGuid = {6FFC0AA8-8CE8-407A-8983-484CB58E8D40}
	EndGlobalSection
EndGlobal
